
Microsoft Visual Studio Solution File, Format Version 12.00
Project("{FAE04EC0-301F-11D3-BF4B-00C04F79EFBC}") = "Blazor.Server", "src\Blazor.Server\Blazor.Server.csproj", "{EA511EB0-DF57-46C1-B115-A2A6595B2103}"
EndProject
Project("{2150E333-8FDC-42A3-9474-1A3956D46DE8}") = "src", "src", "{DCD6FA60-3209-44EC-844E-C87826A74FFE}"
EndProject
Project("{2150E333-8FDC-42A3-9474-1A3956D46DE8}") = "Solution Items", "Solution Items", "{01BDE5E4-16C0-458B-B413-511BF95A542A}"
	ProjectSection(SolutionItems) = preProject
		.gitignore = .gitignore
		LICENSE = LICENSE
		README.md = README.md
	EndProjectSection
EndProject
Project("{FAE04EC0-301F-11D3-BF4B-00C04F79EFBC}") = "CGAOB", "src\CGAOB\CGAOB.csproj", "{83DDC64E-1A96-4F7F-9D5C-9E18DCE5B982}"
EndProject
Project("{FAE04EC0-301F-11D3-BF4B-00C04F79EFBC}") = "Blazor.Wasm", "src\Blazor.Wasm\Blazor.Wasm.csproj", "{0C43D575-F9D3-467D-AF68-5E5939022AF9}"
EndProject
Global
	GlobalSection(SolutionConfigurationPlatforms) = preSolution
		Debug|Any CPU = Debug|Any CPU
		Release|Any CPU = Release|Any CPU
	EndGlobalSection
	GlobalSection(ProjectConfigurationPlatforms) = postSolution
		{EA511EB0-DF57-46C1-B115-A2A6595B2103}.Debug|Any CPU.ActiveCfg = Debug|Any CPU
		{EA511EB0-DF57-46C1-B115-A2A6595B2103}.Debug|Any CPU.Build.0 = Debug|Any CPU
		{EA511EB0-DF57-46C1-B115-A2A6595B2103}.Release|Any CPU.ActiveCfg = Release|Any CPU
		{EA511EB0-DF57-46C1-B115-A2A6595B2103}.Release|Any CPU.Build.0 = Release|Any CPU
		{83DDC64E-1A96-4F7F-9D5C-9E18DCE5B982}.Debug|Any CPU.ActiveCfg = Debug|Any CPU
		{83DDC64E-1A96-4F7F-9D5C-9E18DCE5B982}.Debug|Any CPU.Build.0 = Debug|Any CPU
		{83DDC64E-1A96-4F7F-9D5C-9E18DCE5B982}.Release|Any CPU.ActiveCfg = Release|Any CPU
		{83DDC64E-1A96-4F7F-9D5C-9E18DCE5B982}.Release|Any CPU.Build.0 = Release|Any CPU
		{0C43D575-F9D3-467D-AF68-5E5939022AF9}.Debug|Any CPU.ActiveCfg = Debug|Any CPU
		{0C43D575-F9D3-467D-AF68-5E5939022AF9}.Debug|Any CPU.Build.0 = Debug|Any CPU
		{0C43D575-F9D3-467D-AF68-5E5939022AF9}.Release|Any CPU.ActiveCfg = Release|Any CPU
		{0C43D575-F9D3-467D-AF68-5E5939022AF9}.Release|Any CPU.Build.0 = Release|Any CPU
	EndGlobalSection
	GlobalSection(NestedProjects) = preSolution
		{EA511EB0-DF57-46C1-B115-A2A6595B2103} = {DCD6FA60-3209-44EC-844E-C87826A74FFE}
		{83DDC64E-1A96-4F7F-9D5C-9E18DCE5B982} = {DCD6FA60-3209-44EC-844E-C87826A74FFE}
		{0C43D575-F9D3-467D-AF68-5E5939022AF9} = {DCD6FA60-3209-44EC-844E-C87826A74FFE}
	EndGlobalSection
EndGlobal
